
Microsoft Visual Studio Solution File, Format Version 12.00
# Visual Studio Version 17
VisualStudioVersion = 17.8.34511.84
MinimumVisualStudioVersion = 10.0.40219.1
Project("{8BC9CEB8-8B4A-11D0-8D11-00A0C91BC942}") = "N11916770_hw8", "N11916770_hw8\N11916770_hw8.vcxproj", "{215EBC2E-4730-4FD2-A94F-1918B5198A28}"
EndProject
Project("{8BC9CEB8-8B4A-11D0-8D11-00A0C91BC942}") = "N11916770_hw8_q2", "N11916770_hw8_q2\N11916770_hw8_q2.vcxproj", "{55FEA50D-E094-45E0-BF07-D3324647FCBE}"
EndProject
Project("{8BC9CEB8-8B4A-11D0-8D11-00A0C91BC942}") = "N11916770_hw8_q3", "N11916770_hw8_q3\N11916770_hw8_q3.vcxproj", "{28523934-8C14-49F8-BF84-2A9C735E585F}"
EndProject
Project("{8BC9CEB8-8B4A-11D0-8D11-00A0C91BC942}") = "N11916770_hw8_q4", "N11916770_hw8_q4\N11916770_hw8_q4.vcxproj", "{2A3F2FC2-A730-4789-81BC-7723C79253D6}"
EndProject
Project("{8BC9CEB8-8B4A-11D0-8D11-00A0C91BC942}") = "N11916770_hw8_q5", "N11916770_hw8_q5\N11916770_hw8_q5.vcxproj", "{AE3F7DCB-1DE7-4961-8119-24759B2D854A}"
EndProject
Project("{8BC9CEB8-8B4A-11D0-8D11-00A0C91BC942}") = "N11916770_hw8_q6", "N11916770_hw8_q6\N11916770_hw8_q6.vcxproj", "{2868F218-25C2-425E-97AC-B7AD3EE279CE}"
EndProject
Global
	GlobalSection(SolutionConfigurationPlatforms) = preSolution
		Debug|x64 = Debug|x64
		Debug|x86 = Debug|x86
		Release|x64 = Release|x64
		Release|x86 = Release|x86
	EndGlobalSection
	GlobalSection(ProjectConfigurationPlatforms) = postSolution
		{215EBC2E-4730-4FD2-A94F-1918B5198A28}.Debug|x64.ActiveCfg = Debug|x64
		{215EBC2E-4730-4FD2-A94F-1918B5198A28}.Debug|x64.Build.0 = Debug|x64
		{215EBC2E-4730-4FD2-A94F-1918B5198A28}.Debug|x86.ActiveCfg = Debug|Win32
		{215EBC2E-4730-4FD2-A94F-1918B5198A28}.Debug|x86.Build.0 = Debug|Win32
		{215EBC2E-4730-4FD2-A94F-1918B5198A28}.Release|x64.ActiveCfg = Release|x64
		{215EBC2E-4730-4FD2-A94F-1918B5198A28}.Release|x64.Build.0 = Release|x64
		{215EBC2E-4730-4FD2-A94F-1918B5198A28}.Release|x86.ActiveCfg = Release|Win32
		{215EBC2E-4730-4FD2-A94F-1918B5198A28}.Release|x86.Build.0 = Release|Win32
		{55FEA50D-E094-45E0-BF07-D3324647FCBE}.Debug|x64.ActiveCfg = Debug|x64
		{55FEA50D-E094-45E0-BF07-D3324647FCBE}.Debug|x64.Build.0 = Debug|x64
		{55FEA50D-E094-45E0-BF07-D3324647FCBE}.Debug|x86.ActiveCfg = Debug|Win32
		{55FEA50D-E094-45E0-BF07-D3324647FCBE}.Debug|x86.Build.0 = Debug|Win32
		{55FEA50D-E094-45E0-BF07-D3324647FCBE}.Release|x64.ActiveCfg = Release|x64
		{55FEA50D-E094-45E0-BF07-D3324647FCBE}.Release|x64.Build.0 = Release|x64
		{55FEA50D-E094-45E0-BF07-D3324647FCBE}.Release|x86.ActiveCfg = Release|Win32
		{55FEA50D-E094-45E0-BF07-D3324647FCBE}.Release|x86.Build.0 = Release|Win32
		{28523934-8C14-49F8-BF84-2A9C735E585F}.Debug|x64.ActiveCfg = Debug|x64
		{28523934-8C14-49F8-BF84-2A9C735E585F}.Debug|x64.Build.0 = Debug|x64
		{28523934-8C14-49F8-BF84-2A9C735E585F}.Debug|x86.ActiveCfg = Debug|Win32
		{28523934-8C14-49F8-BF84-2A9C735E585F}.Debug|x86.Build.0 = Debug|Win32
		{28523934-8C14-49F8-BF84-2A9C735E585F}.Release|x64.ActiveCfg = Release|x64
		{28523934-8C14-49F8-BF84-2A9C735E585F}.Release|x64.Build.0 = Release|x64
		{28523934-8C14-49F8-BF84-2A9C735E585F}.Release|x86.ActiveCfg = Release|Win32
		{28523934-8C14-49F8-BF84-2A9C735E585F}.Release|x86.Build.0 = Release|Win32
		{2A3F2FC2-A730-4789-81BC-7723C79253D6}.Debug|x64.ActiveCfg = Debug|x64
		{2A3F2FC2-A730-4789-81BC-7723C79253D6}.Debug|x64.Build.0 = Debug|x64
		{2A3F2FC2-A730-4789-81BC-7723C79253D6}.Debug|x86.ActiveCfg = Debug|Win32
		{2A3F2FC2-A730-4789-81BC-7723C79253D6}.Debug|x86.Build.0 = Debug|Win32
		{2A3F2FC2-A730-4789-81BC-7723C79253D6}.Release|x64.ActiveCfg = Release|x64
		{2A3F2FC2-A730-4789-81BC-7723C79253D6}.Release|x64.Build.0 = Release|x64
		{2A3F2FC2-A730-4789-81BC-7723C79253D6}.Release|x86.ActiveCfg = Release|Win32
		{2A3F2FC2-A730-4789-81BC-7723C79253D6}.Release|x86.Build.0 = Release|Win32
		{AE3F7DCB-1DE7-4961-8119-24759B2D854A}.Debug|x64.ActiveCfg = Debug|x64
		{AE3F7DCB-1DE7-4961-8119-24759B2D854A}.Debug|x64.Build.0 = Debug|x64
		{AE3F7DCB-1DE7-4961-8119-24759B2D854A}.Debug|x86.ActiveCfg = Debug|Win32
		{AE3F7DCB-1DE7-4961-8119-24759B2D854A}.Debug|x86.Build.0 = Debug|Win32
		{AE3F7DCB-1DE7-4961-8119-24759B2D854A}.Release|x64.ActiveCfg = Release|x64
		{AE3F7DCB-1DE7-4961-8119-24759B2D854A}.Release|x64.Build.0 = Release|x64
		{AE3F7DCB-1DE7-4961-8119-24759B2D854A}.Release|x86.ActiveCfg = Release|Win32
		{AE3F7DCB-1DE7-4961-8119-24759B2D854A}.Release|x86.Build.0 = Release|Win32
		{2868F218-25C2-425E-97AC-B7AD3EE279CE}.Debug|x64.ActiveCfg = Debug|x64
		{2868F218-25C2-425E-97AC-B7AD3EE279CE}.Debug|x64.Build.0 = Debug|x64
		{2868F218-25C2-425E-97AC-B7AD3EE279CE}.Debug|x86.ActiveCfg = Debug|Win32
		{2868F218-25C2-425E-97AC-B7AD3EE279CE}.Debug|x86.Build.0 = Debug|Win32
		{2868F218-25C2-425E-97AC-B7AD3EE279CE}.Release|x64.ActiveCfg = Release|x64
		{2868F218-25C2-425E-97AC-B7AD3EE279CE}.Release|x64.Build.0 = Release|x64
		{2868F218-25C2-425E-97AC-B7AD3EE279CE}.Release|x86.ActiveCfg = Release|Win32
		{2868F218-25C2-425E-97AC-B7AD3EE279CE}.Release|x86.Build.0 = Release|Win32
	EndGlobalSection
	GlobalSection(SolutionProperties) = preSolution
		HideSolutionNode = FALSE
	EndGlobalSection
	GlobalSection(ExtensibilityGlobals) = postSolution
		SolutionGuid = {06C1A03C-5C6A-48D1-BFFB-9534C01E6596}
	EndGlobalSection
EndGlobal
